
Microsoft Visual Studio Solution File, Format Version 12.00
# Visual Studio Version 17
VisualStudioVersion = 17.7.34024.191
MinimumVisualStudioVersion = 10.0.40219.1
Project("{FAE04EC0-301F-11D3-BF4B-00C04F79EFBC}") = "PIC3", "PIC3.csproj", "{A6067DCB-C26A-4826-89D3-D20BCDFBB99C}"
EndProject
Global
	GlobalSection(SolutionConfigurationPlatforms) = preSolution
		Debug|Any CPU = Debug|Any CPU
		Release|Any CPU = Release|Any CPU
	EndGlobalSection
	GlobalSection(ProjectConfigurationPlatforms) = postSolution
		{A6067DCB-C26A-4826-89D3-D20BCDFBB99C}.Debug|Any CPU.ActiveCfg = Debug|Any CPU
		{A6067DCB-C26A-4826-89D3-D20BCDFBB99C}.Debug|Any CPU.Build.0 = Debug|Any CPU
		{A6067DCB-C26A-4826-89D3-D20BCDFBB99C}.Release|Any CPU.ActiveCfg = Release|Any CPU
		{A6067DCB-C26A-4826-89D3-D20BCDFBB99C}.Release|Any CPU.Build.0 = Release|Any CPU
	EndGlobalSection
	GlobalSection(SolutionProperties) = preSolution
		HideSolutionNode = FALSE
	EndGlobalSection
	GlobalSection(ExtensibilityGlobals) = postSolution
		SolutionGuid = {DF394120-BF32-4FB1-89CA-D30A26D643DC}
	EndGlobalSection
EndGlobal
